
Microsoft Visual Studio Solution File, Format Version 12.00
# Visual Studio Version 16
VisualStudioVersion = 16.0.30503.244
MinimumVisualStudioVersion = 10.0.40219.1
Project("{FAE04EC0-301F-11D3-BF4B-00C04F79EFBC}") = "BD", "BD\BD.csproj", "{EAC77E8E-8D5D-470C-9E17-565D4285516F}"
EndProject
Global
	GlobalSection(SolutionConfigurationPlatforms) = preSolution
		Debug|Any CPU = Debug|Any CPU
		Release|Any CPU = Release|Any CPU
	EndGlobalSection
	GlobalSection(ProjectConfigurationPlatforms) = postSolution
		{EAC77E8E-8D5D-470C-9E17-565D4285516F}.Debug|Any CPU.ActiveCfg = Debug|Any CPU
		{EAC77E8E-8D5D-470C-9E17-565D4285516F}.Debug|Any CPU.Build.0 = Debug|Any CPU
		{EAC77E8E-8D5D-470C-9E17-565D4285516F}.Release|Any CPU.ActiveCfg = Release|Any CPU
		{EAC77E8E-8D5D-470C-9E17-565D4285516F}.Release|Any CPU.Build.0 = Release|Any CPU
	EndGlobalSection
	GlobalSection(SolutionProperties) = preSolution
		HideSolutionNode = FALSE
	EndGlobalSection
	GlobalSection(ExtensibilityGlobals) = postSolution
		SolutionGuid = {97067C32-E076-4FB5-9067-49F5F131FC2B}
	EndGlobalSection
EndGlobal
